{
  "version": 2,
  "dependencies": {
    "net10.0": {
      "Avalonia": {
        "type": "Direct",
        "requested": "[11.3.11, )",
        "resolved": "11.3.11",
        "contentHash": "N+LjdoGLOD2Rio1JK0VlSMEB2opGZpq8/Vs5LV16eAnbjFeXdqY5uwmURFKb1rJ9McyMZQT3Kf2/DecmKqrLEw==",
        "dependencies": {
          "Avalonia.BuildServices": "11.3.2",
          "Avalonia.Remote.Protocol": "11.3.11",
          "MicroCom.Runtime": "0.11.0"
        }
      },
      "Avalonia.Desktop": {
        "type": "Direct",
        "requested": "[11.3.11, )",
        "resolved": "11.3.11",
        "contentHash": "m60U1jV96RquwYGg4Pzwp0ENL1HUrM3YZLMCes0gWRn8x+webT9V4Wfs58MAdTOukXPpy9t1XhEd4NON674Wmw==",
        "dependencies": {
          "Avalonia": "11.3.11",
          "Avalonia.Native": "11.3.11",
          "Avalonia.Skia": "11.3.11",
          "Avalonia.Win32": "11.3.11",
          "Avalonia.X11": "11.3.11"
        }
      },
      "Avalonia.Themes.Fluent": {
        "type": "Direct",
        "requested": "[11.3.11, )",
        "resolved": "11.3.11",
        "contentHash": "GBLwgTwLPGaWxtbBdZ+kUn+QIKVorTc3m8v3nr0wsvRJkWHPgrDR5LAoHJjkPQCLDFuqocYFIeLOUAaBYP0MeA==",
        "dependencies": {
          "Avalonia": "11.3.11"
        }
      },
      "Microsoft.AspNetCore.SignalR.Client": {
        "type": "Direct",
        "requested": "[10.0.9, )",
        "resolved": "10.0.9",
        "contentHash": "5qXD0QIuwrdBffdmnWZ9+E/+SEkANhjy93zVvYgNubTEN55WWfFHFtJWnq2t3kJCqzfsfVvrvlnjMNx4sFejJg==",
        "dependencies": {
          "Microsoft.AspNetCore.Http.Connections.Client": "10.0.9",
          "Microsoft.AspNetCore.SignalR.Client.Core": "10.0.9"
        }
      },
      "Microsoft.AspNetCore.SignalR.Protocols.Json": {
        "type": "Direct",
        "requested": "[10.0.9, )",
        "resolved": "10.0.9",
        "contentHash": "7btJLyBVnKAK1aQFwMzOD6e5Tj3T++0YxNslO1g99Dwj/rSyZQQVfH7TRgkfp/0Ts8C36f4TL8DTVsGROnj2Iw==",
        "dependencies": {
          "Microsoft.AspNetCore.SignalR.Common": "10.0.9"
        }
      },
      "Tmds.DBus.Protocol": {
        "type": "Direct",
        "requested": "[0.21.3, )",
        "resolved": "0.21.3",
        "contentHash": "hDwB8WsQoyALQKqIbwzS68UKdlnafDm4T/DkO/JrA/YIneP/rKv96SxYPVXeh3FP4i/SXfShrYftKLtciJAIlw=="
      },
      "AngleSharp": {
        "type": "Transitive",
        "resolved": "1.4.0",
        "contentHash": "6ph8mpaQx0KL0COYRt0kI8MB9gSp1PtKijKMhJU//+aVFgKAJLKDesG/+26JSaVCOrHNgPf12wpfoyRcMYOeXg=="
      },
      "Avalonia.Angle.Windows.Natives": {
        "type": "Transitive",
        "resolved": "2.1.25547.20250602",
        "contentHash": "ZL0VLc4s9rvNNFt19Pxm5UNAkmKNylugAwJPX9ulXZ6JWs/l6XZihPWWTyezaoNOVyEPU8YbURtW7XMAtqXH5A=="
      },
      "Avalonia.BuildServices": {
        "type": "Transitive",
        "resolved": "11.3.2",
        "contentHash": "qHDToxto1e3hci5YqbG9n0Ty8mlp3zBUN5wT66wKqaDVzXyQ0do3EnRILd4Ke9jpvsktaPpgE0YjEk7hornryQ=="
      },
      "Avalonia.FreeDesktop": {
        "type": "Transitive",
        "resolved": "11.3.11",
        "contentHash": "kmmYhKVWAFAz064K4FYTqVOk/Oin6DWp5LfzVNISz3BP4YYUZdrGyglxhjbS6t8iOyzMnAoHCrNs1Pw+BRFYUQ==",
        "dependencies": {
          "Avalonia": "11.3.11",
          "Tmds.DBus.Protocol": "0.21.2"
        }
      },
      "Avalonia.Native": {
        "type": "Transitive",
        "resolved": "11.3.11",
        "contentHash": "21XxwcOCYuf7fSYBsc4sF7CS0xNK80iDFyXyK9L4awnrjZOJjMuNSGiJ2L5+RQQkXnXaB8ECvMAWN3e/9WN3aw==",
        "dependencies": {
          "Avalonia": "11.3.11"
        }
      },
      "Avalonia.Remote.Protocol": {
        "type": "Transitive",
        "resolved": "11.3.11",
        "contentHash": "kooZKlJb0DkzJYFzYTgChqAr+pOBq64FyNuvjpBLBmqTTTj/f+d7XyPvdNFgPsvyY3sa4X/W79t6hQnyWmM4zw=="
      },
      "Avalonia.Skia": {
        "type": "Transitive",
        "resolved": "11.3.11",
        "contentHash": "7XynAFWmUR0pEXj6dY8ezpFkeMpNTGNvz1Vf2kLKQawJiv1MKdxzbehDXG9v4A0l2oBLd5m92Dme1/EKH7oj5g==",
        "dependencies": {
          "Avalonia": "11.3.11",
          "HarfBuzzSharp": "8.3.1.1",
          "HarfBuzzSharp.NativeAssets.Linux": "8.3.1.1",
          "HarfBuzzSharp.NativeAssets.WebAssembly": "8.3.1.1",
          "SkiaSharp": "2.88.9",
          "SkiaSharp.NativeAssets.Linux": "2.88.9",
          "SkiaSharp.NativeAssets.WebAssembly": "2.88.9"
        }
      },
      "Avalonia.Win32": {
        "type": "Transitive",
        "resolved": "11.3.11",
        "contentHash": "hFOuFHuhOIiB1p4XtTYnIFHvVazCQwotlPW/iUPObUHQY6qoDYqzPIZIELZiLtUIs9zHA55DWvpmW/l4rDuuAQ==",
        "dependencies": {
          "Avalonia": "11.3.11",
          "Avalonia.Angle.Windows.Natives": "2.1.25547.20250602"
        }
      },
      "Avalonia.X11": {
        "type": "Transitive",
        "resolved": "11.3.11",
        "contentHash": "ZhNHTe8n0w7+Xkxgt13WidSZudHKiDQfDDv/jEDJ4ffdh6z4oKjkPrVUer0ECgEENOR2iCLvFNlaDi5glZ66SA==",
        "dependencies": {
          "Avalonia": "11.3.11",
          "Avalonia.FreeDesktop": "11.3.11",
          "Avalonia.Skia": "11.3.11"
        }
      },
      "EmbedIO": {
        "type": "Transitive",
        "resolved": "3.5.2",
        "contentHash": "YU4j+3XvuO8/VPkNf7KWOF1TpMhnyVhXnPsG1mvnDhTJ9D5BZOFXVDvCpE/SkQ1AJ0Aa+dXOVSW3ntgmLL7aJg==",
        "dependencies": {
          "Unosquare.Swan.Lite": "3.1.0"
        }
      },
      "Google.Apis": {
        "type": "Transitive",
        "resolved": "1.75.0",
        "contentHash": "ZqODi2IvyTBezeGztemXv6U/+VinyqxxPiyoW2CZbzIrUp+a35Rt5tzUjXHPXK9nA1YQi/w8ABpYQpBm31ditw==",
        "dependencies": {
          "Google.Apis.Core": "1.75.0"
        }
      },
      "Google.Apis.Auth": {
        "type": "Transitive",
        "resolved": "1.75.0",
        "contentHash": "hzuGwUBIQYdFkChXm62E5Suxe+q5PHt2uE5EunGBco2j01uQJGlUgzNujZvGHMlAIEHaytzhdn3v3v52ZPgv2Q==",
        "dependencies": {
          "Google.Apis": "1.75.0",
          "Google.Apis.Core": "1.75.0",
          "System.Management": "7.0.2"
        }
      },
      "Google.Apis.Core": {
        "type": "Transitive",
        "resolved": "1.75.0",
        "contentHash": "7AuI44XP4LzMFiOjdk4GCtCxJTIWZcjrXLeGjLYYSpTHHbiPkvm76XNym7zPOnD90sIg+zdTulg+I6D5W5spTQ==",
        "dependencies": {
          "Newtonsoft.Json": "13.0.4"
        }
      },
      "HarfBuzzSharp": {
        "type": "Transitive",
        "resolved": "8.3.1.1",
        "contentHash": "tLZN66oe/uiRPTZfrCU4i8ScVGwqHNh5MHrXj0yVf4l7Mz0FhTGnQ71RGySROTmdognAs0JtluHkL41pIabWuQ==",
        "dependencies": {
          "HarfBuzzSharp.NativeAssets.Win32": "8.3.1.1",
          "HarfBuzzSharp.NativeAssets.macOS": "8.3.1.1"
        }
      },
      "HarfBuzzSharp.NativeAssets.Linux": {
        "type": "Transitive",
        "resolved": "8.3.1.1",
        "contentHash": "3EZ1mpIiKWRLL5hUYA82ZHteeDIVaEA/Z0rA/wU6tjx6crcAkJnBPwDXZugBSfo8+J3EznvRJf49uMsqYfKrHg=="
      },
      "HarfBuzzSharp.NativeAssets.macOS": {
        "type": "Transitive",
        "resolved": "8.3.1.1",
        "contentHash": "jbtCsgftcaFLCA13tVKo5iWdElJScrulLTKJre36O4YQTIlwDtPPqhRZNk+Y0vv4D1gxbscasGRucUDfS44ofQ=="
      },
      "HarfBuzzSharp.NativeAssets.WebAssembly": {
        "type": "Transitive",
        "resolved": "8.3.1.1",
        "contentHash": "loJweK2u/mH/3C2zBa0ggJlITIszOkK64HLAZB7FUT670dTg965whLFYHDQo69NmC4+d9UN0icLC9VHidXaVCA=="
      },
      "HarfBuzzSharp.NativeAssets.Win32": {
        "type": "Transitive",
        "resolved": "8.3.1.1",
        "contentHash": "UsJtQsfAJoFDZrXc4hCUfRPMqccfKZ0iumJ/upcUjz/cmsTgVFGNEL5yaJWmkqsuFYdMWbj/En5/kS4PFl9hBA=="
      },
      "JsonExtensions": {
        "type": "Transitive",
        "resolved": "1.2.0",
        "contentHash": "ujtrK6m5BQVQLEteLfl54upN7Z59c1ZqEKmU3OlYriqnV74dIgIlNM2vkcgn2AuZEItQDNORD/2H1biI/asOdg=="
      },
      "MicroCom.Runtime": {
        "type": "Transitive",
        "resolved": "0.11.0",
        "contentHash": "MEnrZ3UIiH40hjzMDsxrTyi8dtqB5ziv3iBeeU4bXsL/7NLSal9F1lZKpK+tfBRnUoDSdtcW3KufE4yhATOMCA=="
      },
      "Microsoft.AspNetCore.Connections.Abstractions": {
        "type": "Transitive",
        "resolved": "10.0.9",
        "contentHash": "ZaFRlgyrt90BwK33FARZfe1AgixWralQv0xgk2FZLia6tkXsh18KRCsCkpIJN/d3FF9yZ8WlCjpWKSihSvnNJA==",
        "dependencies": {
          "Microsoft.Extensions.Features": "10.0.9"
        }
      },
      "Microsoft.AspNetCore.Http.Connections.Client": {
        "type": "Transitive",
        "resolved": "10.0.9",
        "contentHash": "nE86FWSCy1Y11ks6uf199AtVMjwqKmYN061SEH1pGkXHDDlyZoBbRnM1NmNPZJXCSnS6xxv2oIEADmnWlorEBQ==",
        "dependencies": {
          "Microsoft.AspNetCore.Http.Connections.Common": "10.0.9",
          "Microsoft.Extensions.Logging.Abstractions": "10.0.9",
          "Microsoft.Extensions.Options": "10.0.9"
        }
      },
      "Microsoft.AspNetCore.Http.Connections.Common": {
        "type": "Transitive",
        "resolved": "10.0.9",
        "contentHash": "vHVmEsQ5BqmUrSt7FaWEWrMVCLM5xfDbvv/HrK0cr/XU0CqsulnnTMCr61hekfV0nHfNKVR6VibTNK7YKokRCg==",
        "dependencies": {
          "Microsoft.AspNetCore.Connections.Abstractions": "10.0.9"
        }
      },
      "Microsoft.AspNetCore.SignalR.Client.Core": {
        "type": "Transitive",
        "resolved": "10.0.9",
        "contentHash": "LxE3rdPQXV16eHCgcKh9E2itJAJQUxrY0pJ6AdOegdU+5sva1guODze9ziNaPQ0NwD6AEd6n8GROpmaLvjuChg==",
        "dependencies": {
          "Microsoft.AspNetCore.SignalR.Common": "10.0.9",
          "Microsoft.AspNetCore.SignalR.Protocols.Json": "10.0.9",
          "Microsoft.Extensions.DependencyInjection": "10.0.9",
          "Microsoft.Extensions.Logging": "10.0.9"
        }
      },
      "Microsoft.AspNetCore.SignalR.Common": {
        "type": "Transitive",
        "resolved": "10.0.9",
        "contentHash": "01IMA9xAM0YmRKXqwhpwXZWPxUHNxLisbeY4YCXLhqmyMigk7+Dw0PMYTcg0Zxakq1xPJbULgnT+r9bwBnka1w==",
        "dependencies": {
          "Microsoft.AspNetCore.Connections.Abstractions": "10.0.9",
          "Microsoft.Extensions.Options": "10.0.9"
        }
      },
      "Microsoft.Extensions.DependencyInjection": {
        "type": "Transitive",
        "resolved": "10.0.9",
        "contentHash": "NijozhERJDIaJ4k5TSMy1jOi0cSC2HfkvRD/Sl+kGSSKgVbFnF4GxgtMN/MrzHB8D1JxIrD4xSer9Blh9v3axQ==",
        "dependencies": {
          "Microsoft.Extensions.DependencyInjection.Abstractions": "10.0.9"
        }
      },
      "Microsoft.Extensions.DependencyInjection.Abstractions": {
        "type": "Transitive",
        "resolved": "10.0.9",
        "contentHash": "g41l/30G3K4B/d/L8kjux0+30e27c8D0FVQ/PFCpbekgfDpj9mnDhieP67EqXWvl1EWNeZh2rpR4F5B/jcDOHA=="
      },
      "Microsoft.Extensions.Features": {
        "type": "Transitive",
        "resolved": "10.0.9",
        "contentHash": "ohU5761fyZq7eSg0nLQMzHvCrGGGmyzgRzAGebHZlQ4D7/9v9uzPYJ/AUYcD5kNSiOWR34Ma4qGgKs0PUPrYZw=="
      },
      "Microsoft.Extensions.Logging.Abstractions": {
        "type": "Transitive",
        "resolved": "10.0.9",
        "contentHash": "9S/DFt4cohlMPpzIxjG6kk0L8MuN2vDm9pbMCulxtJzzk82oJHVLBd8vuQxaPskaYQwKqmFmbannf5eoChgjYg==",
        "dependencies": {
          "Microsoft.Extensions.DependencyInjection.Abstractions": "10.0.9"
        }
      },
      "Microsoft.Extensions.Options": {
        "type": "Transitive",
        "resolved": "10.0.9",
        "contentHash": "hyNdX4c2UwkRkzb9byw0H2DQkRzwBM3mzY2sCM9egwzTyg8dvQJmp5noQHGEaaCORQrNK3DD2gREBsc2DlXS4A==",
        "dependencies": {
          "Microsoft.Extensions.DependencyInjection.Abstractions": "10.0.9",
          "Microsoft.Extensions.Primitives": "10.0.9"
        }
      },
      "Microsoft.Extensions.Primitives": {
        "type": "Transitive",
        "resolved": "10.0.9",
        "contentHash": "fmEbAUFsaIKirgLt/lYhuFRBwhcSJN31jjHgCdbQxJiWOum6EdLjkbgGuukSP9z/a+9LibaxII/kF+GwOXgC4g=="
      },
      "Newtonsoft.Json": {
        "type": "Transitive",
        "resolved": "13.0.4",
        "contentHash": "pdgNNMai3zv51W5aq268sujXUyx7SNdE2bj1wZcWjAQrKMFZV260lbqYop1d2GM67JI1huLRwxo9ZqnfF/lC6A=="
      },
      "SkiaSharp": {
        "type": "Transitive",
        "resolved": "2.88.9",
        "contentHash": "3MD5VHjXXieSHCleRLuaTXmL2pD0mB7CcOB1x2kA1I4bhptf4e3R27iM93264ZYuAq6mkUyX5XbcxnZvMJYc1Q==",
        "dependencies": {
          "SkiaSharp.NativeAssets.Win32": "2.88.9",
          "SkiaSharp.NativeAssets.macOS": "2.88.9"
        }
      },
      "SkiaSharp.NativeAssets.Linux": {
        "type": "Transitive",
        "resolved": "2.88.9",
        "contentHash": "cWSaJKVPWAaT/WIn9c8T5uT/l4ETwHxNJTkEOtNKjphNo8AW6TF9O32aRkxqw3l8GUdUo66Bu7EiqtFh/XG0Zg==",
        "dependencies": {
          "SkiaSharp": "2.88.9"
        }
      },
      "SkiaSharp.NativeAssets.macOS": {
        "type": "Transitive",
        "resolved": "2.88.9",
        "contentHash": "Nv5spmKc4505Ep7oUoJ5vp3KweFpeNqxpyGDWyeEPTX2uR6S6syXIm3gj75dM0YJz7NPvcix48mR5laqs8dPuA=="
      },
      "SkiaSharp.NativeAssets.WebAssembly": {
        "type": "Transitive",
        "resolved": "2.88.9",
        "contentHash": "kt06RccBHSnAs2wDYdBSfsjIDbY3EpsOVqnlDgKdgvyuRA8ZFDaHRdWNx1VHjGgYzmnFCGiTJBnXFl5BqGwGnA=="
      },
      "SkiaSharp.NativeAssets.Win32": {
        "type": "Transitive",
        "resolved": "2.88.9",
        "contentHash": "wb2kYgU7iy84nQLYZwMeJXixvK++GoIuECjU4ECaUKNuflyRlJKyiRhN1MAHswvlvzuvkrjRWlK0Za6+kYQK7w=="
      },
      "System.CodeDom": {
        "type": "Transitive",
        "resolved": "7.0.0",
        "contentHash": "GLltyqEsE5/3IE+zYRP5sNa1l44qKl9v+bfdMcwg+M9qnQf47wK3H0SUR/T+3N4JEQXF3vV4CSuuo0rsg+nq2A=="
      },
      "System.Management": {
        "type": "Transitive",
        "resolved": "7.0.2",
        "contentHash": "/qEUN91mP/MUQmJnM5y5BdT7ZoPuVrtxnFlbJ8a3kBJGhe2wCzBfnPFtK2wTtEEcf3DMGR9J00GZZfg6HRI6yA==",
        "dependencies": {
          "System.CodeDom": "7.0.0"
        }
      },
      "Unosquare.Swan.Lite": {
        "type": "Transitive",
        "resolved": "3.1.0",
        "contentHash": "X3s5QE/KMj3WAPFqFve7St+Ds10BB50u8kW8PmKIn7FVkn7yEXe9Yxr2htt1WV85DRqfFR0MN/BUNHkGHtL4OQ=="
      },
      "sockseek.api": {
        "type": "Project",
        "dependencies": {
          "Sockseek.Core": "[3.0.5, )"
        }
      },
      "sockseek.core": {
        "type": "Project",
        "dependencies": {
          "Google.Apis.YouTube.v3": "[1.75.0.4176, )",
          "HtmlAgilityPack": "[1.12.4, )",
          "Microsoft.Extensions.Logging": "[10.0.9, )",
          "SmallestCSVParser": "[1.2.0, )",
          "Soulseek": "[10.0.2, )",
          "SpotifyAPI.Web": "[7.4.2, )",
          "SpotifyAPI.Web.Auth": "[7.4.2, )",
          "TagLibSharp": "[2.3.0, )",
          "YoutubeExplode": "[6.6.0, )"
        }
      },
      "Google.Apis.YouTube.v3": {
        "type": "CentralTransitive",
        "requested": "[1.75.0.4176, )",
        "resolved": "1.75.0.4176",
        "contentHash": "Q5Hc5Qwg9EOc9OBvowxj93Nb1hx4kKbXC2ohbDclVSx1uIvyqbZtA4bDGaCCxGgq+BUyyaGSCloJqRqk+X7Y6g==",
        "dependencies": {
          "Google.Apis": "1.75.0",
          "Google.Apis.Auth": "1.75.0"
        }
      },
      "HtmlAgilityPack": {
        "type": "CentralTransitive",
        "requested": "[1.12.4, )",
        "resolved": "1.12.4",
        "contentHash": "ljqvBabvFwKoLniuoQKO8b5bJfJweKLs4fUNS/V5dsvpo0A8MlJqxxn9XVmP2DaskbUXty6IYaWAi1SArGIMeQ=="
      },
      "Microsoft.Extensions.Logging": {
        "type": "CentralTransitive",
        "requested": "[10.0.9, )",
        "resolved": "10.0.9",
        "contentHash": "N7Gm9SjugYjmmnhwbBKC9DFqGqjfJvh6YfOJgtwh0AW0Xpok3dIVors1ik050XmUxKAgAc7nNngDIJyFb06K2g==",
        "dependencies": {
          "Microsoft.Extensions.DependencyInjection": "10.0.9",
          "Microsoft.Extensions.Logging.Abstractions": "10.0.9",
          "Microsoft.Extensions.Options": "10.0.9"
        }
      },
      "SmallestCSVParser": {
        "type": "CentralTransitive",
        "requested": "[1.2.0, )",
        "resolved": "1.2.0",
        "contentHash": "yCc84rzTlnXPEJnrMo7QQUXcnG0em1NAN7BQZxhksvxUo7SGnTW+ya86R34q3EwoUV+hZ4ZoRiLAyEmY7254hA=="
      },
      "Soulseek": {
        "type": "CentralTransitive",
        "requested": "[10.0.2, )",
        "resolved": "10.0.2",
        "contentHash": "A28TCGK2PDUXohKXCRTjU+hECLrF1IM9fkHcbF4WgP++OTPlngHDlDSp243LZ2x2O7l7RDypYtUYrsRgre5xoA=="
      },
      "SpotifyAPI.Web": {
        "type": "CentralTransitive",
        "requested": "[7.4.2, )",
        "resolved": "7.4.2",
        "contentHash": "DxyIO+oxI7gyqyGJ5QzVWf31JInRDRhqGtTXIKX6HUJBie+aR+OuB4bFSYWNVO6GL4V+Tm3PQBKNBa+UJzchOA==",
        "dependencies": {
          "Newtonsoft.Json": "13.0.3"
        }
      },
      "SpotifyAPI.Web.Auth": {
        "type": "CentralTransitive",
        "requested": "[7.4.2, )",
        "resolved": "7.4.2",
        "contentHash": "+Og2S4d8Q/lrZsBXlgPt0FieigtzVHj1Lg6+eDF+5RwVpKsfwQjW7aVfaDyktVCo56T2qOBjbqC/XluIxXGJgQ==",
        "dependencies": {
          "EmbedIO": "3.5.2",
          "SpotifyAPI.Web": "7.4.2"
        }
      },
      "TagLibSharp": {
        "type": "CentralTransitive",
        "requested": "[2.3.0, )",
        "resolved": "2.3.0",
        "contentHash": "Qo4z6ZjnIfbR3Us1Za5M2vQ97OWZPmODvVmepxZ8XW0UIVLGdO2T63/N3b23kCcyiwuIe0TQvMEQG8wUCCD1mA=="
      },
      "YoutubeExplode": {
        "type": "CentralTransitive",
        "requested": "[6.6.0, )",
        "resolved": "6.6.0",
        "contentHash": "DCFAmPvADs/ZB3pB24kLFzVY/1o6iECqJ7IL9LKi4zkSZLgcXDwFbOJe3vd2K3FBw36Xa3O/QMv10zelT7hjfA==",
        "dependencies": {
          "AngleSharp": "1.4.0",
          "JsonExtensions": "1.2.0"
        }
      }
    }
  }
}